
Microsoft Visual Studio Solution File, Format Version 12.00
# Visual Studio Version 16
VisualStudioVersion = 16.0.31229.75
MinimumVisualStudioVersion = 10.0.40219.1
Project("{9A19103F-16F7-4668-BE54-9A1E7A4F7556}") = "back-bms", "back-bms.csproj", "{2BDDF4F6-834E-42F5-8A44-C706F6B80FDC}"
EndProject
Project("{FAE04EC0-301F-11D3-BF4B-00C04F79EFBC}") = "back-bms-test", "..\back-bms-test\back-bms-test.csproj", "{F465A14B-D896-464C-8296-0BFE7F22564A}"
EndProject
Global
	GlobalSection(SolutionConfigurationPlatforms) = preSolution
		Debug|Any CPU = Debug|Any CPU
		Release|Any CPU = Release|Any CPU
	EndGlobalSection
	GlobalSection(ProjectConfigurationPlatforms) = postSolution
		{2BDDF4F6-834E-42F5-8A44-C706F6B80FDC}.Debug|Any CPU.ActiveCfg = Debug|Any CPU
		{2BDDF4F6-834E-42F5-8A44-C706F6B80FDC}.Debug|Any CPU.Build.0 = Debug|Any CPU
		{2BDDF4F6-834E-42F5-8A44-C706F6B80FDC}.Release|Any CPU.ActiveCfg = Release|Any CPU
		{2BDDF4F6-834E-42F5-8A44-C706F6B80FDC}.Release|Any CPU.Build.0 = Release|Any CPU
		{F465A14B-D896-464C-8296-0BFE7F22564A}.Debug|Any CPU.ActiveCfg = Debug|Any CPU
		{F465A14B-D896-464C-8296-0BFE7F22564A}.Debug|Any CPU.Build.0 = Debug|Any CPU
		{F465A14B-D896-464C-8296-0BFE7F22564A}.Release|Any CPU.ActiveCfg = Release|Any CPU
		{F465A14B-D896-464C-8296-0BFE7F22564A}.Release|Any CPU.Build.0 = Release|Any CPU
	EndGlobalSection
	GlobalSection(SolutionProperties) = preSolution
		HideSolutionNode = FALSE
	EndGlobalSection
	GlobalSection(ExtensibilityGlobals) = postSolution
		SolutionGuid = {D53C4675-2CA7-4490-968A-9FA9E6577525}
	EndGlobalSection
EndGlobal
